{
  "name": "ts_samples",
  "version": "1.0.0",
  "lockfileVersion": 1,
  "requires": true,
  "dependencies": {
    "@types/js-yaml": {
      "version": "4.0.3",
      "resolved": "https://registry.npmjs.org/@types/js-yaml/-/js-yaml-4.0.3.tgz",
      "integrity": "sha512-5t9BhoORasuF5uCPr+d5/hdB++zRFUTMIZOzbNkr+jZh3yQht4HYbRDyj9fY8n2TZT30iW9huzav73x4NikqWg=="
    },
    "@types/node": {
      "version": "16.10.1",
      "resolved": "https://registry.npmjs.org/@types/node/-/node-16.10.1.tgz",
      "integrity": "sha512-4/Z9DMPKFexZj/Gn3LylFgamNKHm4K3QDi0gz9B26Uk0c8izYf97B5fxfpspMNkWlFupblKM/nV8+NA9Ffvr+w==",
      "dev": true
    },
    "typescript": {
      "version": "4.3.5",
      "resolved": "https://registry.npmjs.org/typescript/-/typescript-4.3.5.tgz",
      "integrity": "sha512-DqQgihaQ9cUrskJo9kIyW/+g0Vxsk8cDtZ52a3NGh0YNTfpUSArXSohyUGnvbPazEPLu398C0UxmKSOrPumUzA==",
      "dev": true
    }
  }
}
